
Microsoft Visual Studio Solution File, Format Version 12.00
# Visual Studio 14
VisualStudioVersion = 14.0.25420.1
MinimumVisualStudioVersion = 10.0.40219.1
Project("{9092AA53-FB77-4645-B42D-1CCCA6BD08BD}") = "Engine", "Engine\Engine.njsproj", "{DADD5F8E-1A85-4B26-9677-B54E94D5DE0F}"
EndProject
Project("{2150E333-8FDC-42A3-9474-1A3956D46DE8}") = "Solution Items", "Solution Items", "{1315C8E9-6DE9-41A8-8B60-6C0EDA1A65C5}"
	ProjectSection(SolutionItems) = preProject
		.gitattributes = .gitattributes
		.gitignore = .gitignore
		LICENSE.md = LICENSE.md
		README.md = README.md
	EndProjectSection
EndProject
Project("{9092AA53-FB77-4645-B42D-1CCCA6BD08BD}") = "TelegramBot", "TelegramBot\TelegramBot.njsproj", "{D7A8B6CD-F015-4B2A-BAAC-F4040951730F}"
EndProject
Global
	GlobalSection(SolutionConfigurationPlatforms) = preSolution
		Debug|Any CPU = Debug|Any CPU
		Release|Any CPU = Release|Any CPU
	EndGlobalSection
	GlobalSection(ProjectConfigurationPlatforms) = postSolution
		{DADD5F8E-1A85-4B26-9677-B54E94D5DE0F}.Debug|Any CPU.ActiveCfg = Debug|Any CPU
		{DADD5F8E-1A85-4B26-9677-B54E94D5DE0F}.Debug|Any CPU.Build.0 = Debug|Any CPU
		{DADD5F8E-1A85-4B26-9677-B54E94D5DE0F}.Release|Any CPU.ActiveCfg = Release|Any CPU
		{DADD5F8E-1A85-4B26-9677-B54E94D5DE0F}.Release|Any CPU.Build.0 = Release|Any CPU
		{D7A8B6CD-F015-4B2A-BAAC-F4040951730F}.Debug|Any CPU.ActiveCfg = Debug|Any CPU
		{D7A8B6CD-F015-4B2A-BAAC-F4040951730F}.Debug|Any CPU.Build.0 = Debug|Any CPU
		{D7A8B6CD-F015-4B2A-BAAC-F4040951730F}.Release|Any CPU.ActiveCfg = Release|Any CPU
		{D7A8B6CD-F015-4B2A-BAAC-F4040951730F}.Release|Any CPU.Build.0 = Release|Any CPU
	EndGlobalSection
	GlobalSection(SolutionProperties) = preSolution
		HideSolutionNode = FALSE
	EndGlobalSection
EndGlobal
