
Microsoft Visual Studio Solution File, Format Version 12.00
# Visual Studio 15
VisualStudioVersion = 15.0.26730.16
MinimumVisualStudioVersion = 10.0.40219.1
Project("{9092AA53-FB77-4645-B42D-1CCCA6BD08BD}") = "SCUNMEngine", "SCUNMEngine\SCUNMEngine.njsproj", "{DADD5F8E-1A85-4B26-9677-B54E94D5DE0F}"
EndProject
Project("{9092AA53-FB77-4645-B42D-1CCCA6BD08BD}") = "SCUNMBot", "SCUNMBot\SCUNMBot.njsproj", "{D7A8B6CD-F015-4B2A-BAAC-F4040951730F}"
	ProjectSection(ProjectDependencies) = postProject
		{DADD5F8E-1A85-4B26-9677-B54E94D5DE0F} = {DADD5F8E-1A85-4B26-9677-B54E94D5DE0F}
	EndProjectSection
EndProject
Project("{9092AA53-FB77-4645-B42D-1CCCA6BD08BD}") = "DemoGame", "DemoGame\DemoGame.njsproj", "{CA5864D7-A12B-458F-9AEA-488E80579312}"
EndProject
Project("{9092AA53-FB77-4645-B42D-1CCCA6BD08BD}") = "Application", "Application\Application.njsproj", "{520C2A94-EFA7-4B03-9CC3-10F9E215984E}"
EndProject
Project("{FAE04EC0-301F-11D3-BF4B-00C04F79EFBC}") = "Redis", "Redis\Redis.csproj", "{8F0EA5EF-3275-4CED-99A6-62D14F75B5C0}"
EndProject
Project("{2150E333-8FDC-42A3-9474-1A3956D46DE8}") = "Common", "Common", "{6DF6BD01-109E-403E-BB75-6E5081929C5E}"
	ProjectSection(SolutionItems) = preProject
		LICENSE = LICENSE
		logo.png = logo.png
		README.md = README.md
	EndProjectSection
EndProject
Project("{9092AA53-FB77-4645-B42D-1CCCA6BD08BD}") = "SCUNMEngineTest", "SCUNMEngineTest\SCUNMEngineTest.njsproj", "{63DABB58-E8AA-4C86-A728-B8AD16796333}"
EndProject
Global
	GlobalSection(SolutionConfigurationPlatforms) = preSolution
		Debug|Any CPU = Debug|Any CPU
		Release|Any CPU = Release|Any CPU
	EndGlobalSection
	GlobalSection(ProjectConfigurationPlatforms) = postSolution
		{DADD5F8E-1A85-4B26-9677-B54E94D5DE0F}.Debug|Any CPU.ActiveCfg = Debug|Any CPU
		{DADD5F8E-1A85-4B26-9677-B54E94D5DE0F}.Debug|Any CPU.Build.0 = Debug|Any CPU
		{DADD5F8E-1A85-4B26-9677-B54E94D5DE0F}.Release|Any CPU.ActiveCfg = Release|Any CPU
		{DADD5F8E-1A85-4B26-9677-B54E94D5DE0F}.Release|Any CPU.Build.0 = Release|Any CPU
		{D7A8B6CD-F015-4B2A-BAAC-F4040951730F}.Debug|Any CPU.ActiveCfg = Debug|Any CPU
		{D7A8B6CD-F015-4B2A-BAAC-F4040951730F}.Debug|Any CPU.Build.0 = Debug|Any CPU
		{D7A8B6CD-F015-4B2A-BAAC-F4040951730F}.Release|Any CPU.ActiveCfg = Release|Any CPU
		{D7A8B6CD-F015-4B2A-BAAC-F4040951730F}.Release|Any CPU.Build.0 = Release|Any CPU
		{CA5864D7-A12B-458F-9AEA-488E80579312}.Debug|Any CPU.ActiveCfg = Debug|Any CPU
		{CA5864D7-A12B-458F-9AEA-488E80579312}.Debug|Any CPU.Build.0 = Debug|Any CPU
		{CA5864D7-A12B-458F-9AEA-488E80579312}.Release|Any CPU.ActiveCfg = Release|Any CPU
		{CA5864D7-A12B-458F-9AEA-488E80579312}.Release|Any CPU.Build.0 = Release|Any CPU
		{520C2A94-EFA7-4B03-9CC3-10F9E215984E}.Debug|Any CPU.ActiveCfg = Debug|Any CPU
		{520C2A94-EFA7-4B03-9CC3-10F9E215984E}.Debug|Any CPU.Build.0 = Debug|Any CPU
		{520C2A94-EFA7-4B03-9CC3-10F9E215984E}.Release|Any CPU.ActiveCfg = Release|Any CPU
		{520C2A94-EFA7-4B03-9CC3-10F9E215984E}.Release|Any CPU.Build.0 = Release|Any CPU
		{8F0EA5EF-3275-4CED-99A6-62D14F75B5C0}.Debug|Any CPU.ActiveCfg = Debug|Any CPU
		{8F0EA5EF-3275-4CED-99A6-62D14F75B5C0}.Debug|Any CPU.Build.0 = Debug|Any CPU
		{8F0EA5EF-3275-4CED-99A6-62D14F75B5C0}.Release|Any CPU.ActiveCfg = Release|Any CPU
		{8F0EA5EF-3275-4CED-99A6-62D14F75B5C0}.Release|Any CPU.Build.0 = Release|Any CPU
		{63DABB58-E8AA-4C86-A728-B8AD16796333}.Debug|Any CPU.ActiveCfg = Debug|Any CPU
		{63DABB58-E8AA-4C86-A728-B8AD16796333}.Debug|Any CPU.Build.0 = Debug|Any CPU
		{63DABB58-E8AA-4C86-A728-B8AD16796333}.Release|Any CPU.ActiveCfg = Release|Any CPU
		{63DABB58-E8AA-4C86-A728-B8AD16796333}.Release|Any CPU.Build.0 = Release|Any CPU
	EndGlobalSection
	GlobalSection(SolutionProperties) = preSolution
		HideSolutionNode = FALSE
	EndGlobalSection
	GlobalSection(ExtensibilityGlobals) = postSolution
		SolutionGuid = {17C585B4-CFDF-4007-A286-67748E135152}
	EndGlobalSection
EndGlobal
